
Microsoft Visual Studio Solution File, Format Version 12.00
# Visual Studio 15
VisualStudioVersion = 15.0.27130.0
MinimumVisualStudioVersion = 10.0.40219.1
Project("{FAE04EC0-301F-11D3-BF4B-00C04F79EFBC}") = "DD监控室", "DD监控室\DD监控室.csproj", "{60FAAB44-24A1-48B7-B728-CE257E4C9DE5}"
EndProject
Project("{FAE04EC0-301F-11D3-BF4B-00C04F79EFBC}") = "DmWin", "DmWin\DmWin.csproj", "{6D7451C6-E747-4790-A32A-E394E062F090}"
EndProject
Project("{FAE04EC0-301F-11D3-BF4B-00C04F79EFBC}") = "MPUCL", "MPUCL\MPUCL.csproj", "{EF042CE7-004D-4271-AA32-8C51462F57D4}"
EndProject
Global
	GlobalSection(SolutionConfigurationPlatforms) = preSolution
		Debug|Any CPU = Debug|Any CPU
		Debug|x86 = Debug|x86
		Release|Any CPU = Release|Any CPU
		Release|x86 = Release|x86
	EndGlobalSection
	GlobalSection(ProjectConfigurationPlatforms) = postSolution
		{60FAAB44-24A1-48B7-B728-CE257E4C9DE5}.Debug|Any CPU.ActiveCfg = Debug|Any CPU
		{60FAAB44-24A1-48B7-B728-CE257E4C9DE5}.Debug|Any CPU.Build.0 = Debug|Any CPU
		{60FAAB44-24A1-48B7-B728-CE257E4C9DE5}.Debug|x86.ActiveCfg = Debug|x86
		{60FAAB44-24A1-48B7-B728-CE257E4C9DE5}.Debug|x86.Build.0 = Debug|x86
		{60FAAB44-24A1-48B7-B728-CE257E4C9DE5}.Release|Any CPU.ActiveCfg = Release|Any CPU
		{60FAAB44-24A1-48B7-B728-CE257E4C9DE5}.Release|Any CPU.Build.0 = Release|Any CPU
		{60FAAB44-24A1-48B7-B728-CE257E4C9DE5}.Release|x86.ActiveCfg = Release|x86
		{60FAAB44-24A1-48B7-B728-CE257E4C9DE5}.Release|x86.Build.0 = Release|x86
		{6D7451C6-E747-4790-A32A-E394E062F090}.Debug|Any CPU.ActiveCfg = Debug|Any CPU
		{6D7451C6-E747-4790-A32A-E394E062F090}.Debug|Any CPU.Build.0 = Debug|Any CPU
		{6D7451C6-E747-4790-A32A-E394E062F090}.Debug|x86.ActiveCfg = Debug|x86
		{6D7451C6-E747-4790-A32A-E394E062F090}.Debug|x86.Build.0 = Debug|x86
		{6D7451C6-E747-4790-A32A-E394E062F090}.Release|Any CPU.ActiveCfg = Release|Any CPU
		{6D7451C6-E747-4790-A32A-E394E062F090}.Release|Any CPU.Build.0 = Release|Any CPU
		{6D7451C6-E747-4790-A32A-E394E062F090}.Release|x86.ActiveCfg = Release|x86
		{6D7451C6-E747-4790-A32A-E394E062F090}.Release|x86.Build.0 = Release|x86
		{EF042CE7-004D-4271-AA32-8C51462F57D4}.Debug|Any CPU.ActiveCfg = Debug|Any CPU
		{EF042CE7-004D-4271-AA32-8C51462F57D4}.Debug|Any CPU.Build.0 = Debug|Any CPU
		{EF042CE7-004D-4271-AA32-8C51462F57D4}.Debug|x86.ActiveCfg = Debug|Any CPU
		{EF042CE7-004D-4271-AA32-8C51462F57D4}.Debug|x86.Build.0 = Debug|Any CPU
		{EF042CE7-004D-4271-AA32-8C51462F57D4}.Release|Any CPU.ActiveCfg = Release|Any CPU
		{EF042CE7-004D-4271-AA32-8C51462F57D4}.Release|Any CPU.Build.0 = Release|Any CPU
		{EF042CE7-004D-4271-AA32-8C51462F57D4}.Release|x86.ActiveCfg = Release|x86
		{EF042CE7-004D-4271-AA32-8C51462F57D4}.Release|x86.Build.0 = Release|x86
	EndGlobalSection
	GlobalSection(SolutionProperties) = preSolution
		HideSolutionNode = FALSE
	EndGlobalSection
	GlobalSection(ExtensibilityGlobals) = postSolution
		SolutionGuid = {D245D745-148D-48BF-BCF5-85F40D05AFFD}
	EndGlobalSection
EndGlobal
